
Microsoft Visual Studio Solution File, Format Version 12.00
# Visual Studio Version 16
VisualStudioVersion = 16.0.30907.101
MinimumVisualStudioVersion = 10.0.40219.1
Project("{9A19103F-16F7-4668-BE54-9A1E7A4F7556}") = "Day2 Work6", "YazılımKampıOdevleri\Day2 Work6.csproj", "{1227875A-1816-410E-BD0D-3F7F0E0EE790}"
EndProject
Project("{9A19103F-16F7-4668-BE54-9A1E7A4F7556}") = "Day 3 Work 3", "Day 3 Work 3\Day 3 Work 3.csproj", "{15D4803B-2CC9-433F-83D4-BA9B95F391B1}"
EndProject
Project("{9A19103F-16F7-4668-BE54-9A1E7A4F7556}") = "Day4 Work5", "Day4 Work5\Day4 Work5.csproj", "{3514D1B4-F381-448F-BD55-655EFE8F3B4E}"
EndProject
Project("{9A19103F-16F7-4668-BE54-9A1E7A4F7556}") = "Day5 Work5,", "Day5 Work5,\Day5 Work5,.csproj", "{EB7C7695-1600-4FCD-857F-FFB75077ED9B}"
EndProject
Project("{FAE04EC0-301F-11D3-BF4B-00C04F79EFBC}") = "Day 5 Work5 Alternative", "Day 5 Work5 Alternative\Day 5 Work5 Alternative.csproj", "{C1B751FA-DF38-4E42-A492-5FB6152EFA75}"
EndProject
Global
	GlobalSection(SolutionConfigurationPlatforms) = preSolution
		Debug|Any CPU = Debug|Any CPU
		Release|Any CPU = Release|Any CPU
	EndGlobalSection
	GlobalSection(ProjectConfigurationPlatforms) = postSolution
		{1227875A-1816-410E-BD0D-3F7F0E0EE790}.Debug|Any CPU.ActiveCfg = Debug|Any CPU
		{1227875A-1816-410E-BD0D-3F7F0E0EE790}.Debug|Any CPU.Build.0 = Debug|Any CPU
		{1227875A-1816-410E-BD0D-3F7F0E0EE790}.Release|Any CPU.ActiveCfg = Release|Any CPU
		{1227875A-1816-410E-BD0D-3F7F0E0EE790}.Release|Any CPU.Build.0 = Release|Any CPU
		{15D4803B-2CC9-433F-83D4-BA9B95F391B1}.Debug|Any CPU.ActiveCfg = Debug|Any CPU
		{15D4803B-2CC9-433F-83D4-BA9B95F391B1}.Debug|Any CPU.Build.0 = Debug|Any CPU
		{15D4803B-2CC9-433F-83D4-BA9B95F391B1}.Release|Any CPU.ActiveCfg = Release|Any CPU
		{15D4803B-2CC9-433F-83D4-BA9B95F391B1}.Release|Any CPU.Build.0 = Release|Any CPU
		{3514D1B4-F381-448F-BD55-655EFE8F3B4E}.Debug|Any CPU.ActiveCfg = Debug|Any CPU
		{3514D1B4-F381-448F-BD55-655EFE8F3B4E}.Debug|Any CPU.Build.0 = Debug|Any CPU
		{3514D1B4-F381-448F-BD55-655EFE8F3B4E}.Release|Any CPU.ActiveCfg = Release|Any CPU
		{3514D1B4-F381-448F-BD55-655EFE8F3B4E}.Release|Any CPU.Build.0 = Release|Any CPU
		{EB7C7695-1600-4FCD-857F-FFB75077ED9B}.Debug|Any CPU.ActiveCfg = Debug|Any CPU
		{EB7C7695-1600-4FCD-857F-FFB75077ED9B}.Debug|Any CPU.Build.0 = Debug|Any CPU
		{EB7C7695-1600-4FCD-857F-FFB75077ED9B}.Release|Any CPU.ActiveCfg = Release|Any CPU
		{EB7C7695-1600-4FCD-857F-FFB75077ED9B}.Release|Any CPU.Build.0 = Release|Any CPU
		{C1B751FA-DF38-4E42-A492-5FB6152EFA75}.Debug|Any CPU.ActiveCfg = Debug|Any CPU
		{C1B751FA-DF38-4E42-A492-5FB6152EFA75}.Debug|Any CPU.Build.0 = Debug|Any CPU
		{C1B751FA-DF38-4E42-A492-5FB6152EFA75}.Release|Any CPU.ActiveCfg = Release|Any CPU
		{C1B751FA-DF38-4E42-A492-5FB6152EFA75}.Release|Any CPU.Build.0 = Release|Any CPU
	EndGlobalSection
	GlobalSection(SolutionProperties) = preSolution
		HideSolutionNode = FALSE
	EndGlobalSection
	GlobalSection(ExtensibilityGlobals) = postSolution
		SolutionGuid = {80EBFE02-609C-4298-830D-FACF6F4B27ED}
	EndGlobalSection
EndGlobal
